
Microsoft Visual Studio Solution File, Format Version 12.00
# Visual Studio 2013
VisualStudioVersion = 12.0.21005.1
MinimumVisualStudioVersion = 10.0.40219.1
Project("{FAE04EC0-301F-11D3-BF4B-00C04F79EFBC}") = "Balance", "Balance\Balance.csproj", "{9038CD44-E3F3-4D58-AE83-6D4269D117EA}"
EndProject
Project("{FAE04EC0-301F-11D3-BF4B-00C04F79EFBC}") = "ExcelService", "ExcelService\ExcelService.csproj", "{3D2E07CB-987A-4C10-A6E3-117D5ECB4C01}"
EndProject
Project("{FAE04EC0-301F-11D3-BF4B-00C04F79EFBC}") = "Logic", "Logic\Logic.csproj", "{5C31C061-D521-4EAE-A74A-911ACD02794C}"
EndProject
Project("{FAE04EC0-301F-11D3-BF4B-00C04F79EFBC}") = "DataAccess", "DataAccess\DataAccess.csproj", "{9E0A30F1-DCE4-48E4-919A-B8F8ED0F383A}"
EndProject
Project("{FAE04EC0-301F-11D3-BF4B-00C04F79EFBC}") = "Entity", "Entity\Entity.csproj", "{F9C8E623-7050-4909-8ECF-1DD2C7711B80}"
EndProject
Global
	GlobalSection(SolutionConfigurationPlatforms) = preSolution
		Debug|Any CPU = Debug|Any CPU
		Release|Any CPU = Release|Any CPU
	EndGlobalSection
	GlobalSection(ProjectConfigurationPlatforms) = postSolution
		{9038CD44-E3F3-4D58-AE83-6D4269D117EA}.Debug|Any CPU.ActiveCfg = Debug|Any CPU
		{9038CD44-E3F3-4D58-AE83-6D4269D117EA}.Debug|Any CPU.Build.0 = Debug|Any CPU
		{9038CD44-E3F3-4D58-AE83-6D4269D117EA}.Release|Any CPU.ActiveCfg = Release|Any CPU
		{9038CD44-E3F3-4D58-AE83-6D4269D117EA}.Release|Any CPU.Build.0 = Release|Any CPU
		{3D2E07CB-987A-4C10-A6E3-117D5ECB4C01}.Debug|Any CPU.ActiveCfg = Debug|Any CPU
		{3D2E07CB-987A-4C10-A6E3-117D5ECB4C01}.Debug|Any CPU.Build.0 = Debug|Any CPU
		{3D2E07CB-987A-4C10-A6E3-117D5ECB4C01}.Release|Any CPU.ActiveCfg = Release|Any CPU
		{3D2E07CB-987A-4C10-A6E3-117D5ECB4C01}.Release|Any CPU.Build.0 = Release|Any CPU
		{5C31C061-D521-4EAE-A74A-911ACD02794C}.Debug|Any CPU.ActiveCfg = Debug|Any CPU
		{5C31C061-D521-4EAE-A74A-911ACD02794C}.Debug|Any CPU.Build.0 = Debug|Any CPU
		{5C31C061-D521-4EAE-A74A-911ACD02794C}.Release|Any CPU.ActiveCfg = Release|Any CPU
		{5C31C061-D521-4EAE-A74A-911ACD02794C}.Release|Any CPU.Build.0 = Release|Any CPU
		{9E0A30F1-DCE4-48E4-919A-B8F8ED0F383A}.Debug|Any CPU.ActiveCfg = Debug|Any CPU
		{9E0A30F1-DCE4-48E4-919A-B8F8ED0F383A}.Debug|Any CPU.Build.0 = Debug|Any CPU
		{9E0A30F1-DCE4-48E4-919A-B8F8ED0F383A}.Release|Any CPU.ActiveCfg = Release|Any CPU
		{9E0A30F1-DCE4-48E4-919A-B8F8ED0F383A}.Release|Any CPU.Build.0 = Release|Any CPU
		{F9C8E623-7050-4909-8ECF-1DD2C7711B80}.Debug|Any CPU.ActiveCfg = Debug|Any CPU
		{F9C8E623-7050-4909-8ECF-1DD2C7711B80}.Debug|Any CPU.Build.0 = Debug|Any CPU
		{F9C8E623-7050-4909-8ECF-1DD2C7711B80}.Release|Any CPU.ActiveCfg = Release|Any CPU
		{F9C8E623-7050-4909-8ECF-1DD2C7711B80}.Release|Any CPU.Build.0 = Release|Any CPU
	EndGlobalSection
	GlobalSection(SolutionProperties) = preSolution
		HideSolutionNode = FALSE
	EndGlobalSection
EndGlobal
